// !$*UTF8*$!
{
	archiveVersion = 1;
	classes = {
	};
	objectVersion = 46;
	objects = {

/* Begin PBXBuildFile section */
		52786B561D659B3100B8CB9B /* AppDelegate.swift in Sources */ = {isa = PBXBuildFile; fileRef = 52786B551D659B3100B8CB9B /* AppDelegate.swift */; };
		52786B581D659B3100B8CB9B /* ViewController.swift in Sources */ = {isa = PBXBuildFile; fileRef = 52786B571D659B3100B8CB9B /* ViewController.swift */; };
		52786B5B1D659B3100B8CB9B /* Main.storyboard in Resources */ = {isa = PBXBuildFile; fileRef = 52786B591D659B3100B8CB9B /* Main.storyboard */; };
		52786B5D1D659B3100B8CB9B /* Assets.xcassets in Resources */ = {isa = PBXBuildFile; fileRef = 52786B5C1D659B3100B8CB9B /* Assets.xcassets */; };
		52786B601D659B3100B8CB9B /* LaunchScreen.storyboard in Resources */ = {isa = PBXBuildFile; fileRef = 52786B5E1D659B3100B8CB9B /* LaunchScreen.storyboard */; };
		52786B661D659BBF00B8CB9B /* FloatFlexCollectionViewLayout.swift in Sources */ = {isa = PBXBuildFile; fileRef = 52786B651D659BBF00B8CB9B /* FloatFlexCollectionViewLayout.swift */; };
		52786B7C1D65A3C600B8CB9B /* airport-icon.png in Resources */ = {isa = PBXBuildFile; fileRef = 52786B681D65A3C600B8CB9B /* airport-icon.png */; };
		52786B7D1D65A3C600B8CB9B /* beer-icon.png in Resources */ = {isa = PBXBuildFile; fileRef = 52786B691D65A3C600B8CB9B /* beer-icon.png */; };
		52786B7E1D65A3C600B8CB9B /* bicep-icon.png in Resources */ = {isa = PBXBuildFile; fileRef = 52786B6A1D65A3C600B8CB9B /* bicep-icon.png */; };
		52786B7F1D65A3C600B8CB9B /* bike-icon.png in Resources */ = {isa = PBXBuildFile; fileRef = 52786B6B1D65A3C600B8CB9B /* bike-icon.png */; };
		52786B801D65A3C600B8CB9B /* birthday-icon.png in Resources */ = {isa = PBXBuildFile; fileRef = 52786B6C1D65A3C600B8CB9B /* birthday-icon.png */; };
		52786B811D65A3C600B8CB9B /* bloody-mary-icon.png in Resources */ = {isa = PBXBuildFile; fileRef = 52786B6D1D65A3C600B8CB9B /* bloody-mary-icon.png */; };
		52786B821D65A3C600B8CB9B /* book-icon.png in Resources */ = {isa = PBXBuildFile; fileRef = 52786B6E1D65A3C600B8CB9B /* book-icon.png */; };
		52786B831D65A3C600B8CB9B /* brunch-icon.png in Resources */ = {isa = PBXBuildFile; fileRef = 52786B6F1D65A3C600B8CB9B /* brunch-icon.png */; };
		52786B841D65A3C600B8CB9B /* candy-cane-icon.png in Resources */ = {isa = PBXBuildFile; fileRef = 52786B701D65A3C600B8CB9B /* candy-cane-icon.png */; };
		52786B851D65A3C600B8CB9B /* cat-icon.png in Resources */ = {isa = PBXBuildFile; fileRef = 52786B711D65A3C600B8CB9B /* cat-icon.png */; };
		52786B861D65A3C600B8CB9B /* chicken-leg-icon.png in Resources */ = {isa = PBXBuildFile; fileRef = 52786B721D65A3C600B8CB9B /* chicken-leg-icon.png */; };
		52786B871D65A3C600B8CB9B /* chinese-take-out-icon.png in Resources */ = {isa = PBXBuildFile; fileRef = 52786B731D65A3C600B8CB9B /* chinese-take-out-icon.png */; };
		52786B881D65A3C600B8CB9B /* christmas-tree-icon.png in Resources */ = {isa = PBXBuildFile; fileRef = 52786B741D65A3C600B8CB9B /* christmas-tree-icon.png */; };
		52786B891D65A3C600B8CB9B /* clapper-icon.png in Resources */ = {isa = PBXBuildFile; fileRef = 52786B751D65A3C600B8CB9B /* clapper-icon.png */; };
		52786B8A1D65A3C600B8CB9B /* coffee-2-icon.png in Resources */ = {isa = PBXBuildFile; fileRef = 52786B761D65A3C600B8CB9B /* coffee-2-icon.png */; };
		52786B8B1D65A3C600B8CB9B /* coffee-icon.png in Resources */ = {isa = PBXBuildFile; fileRef = 52786B771D65A3C600B8CB9B /* coffee-icon.png */; };
		52786B8C1D65A3C600B8CB9B /* cosmo-icon.png in Resources */ = {isa = PBXBuildFile; fileRef = 52786B781D65A3C600B8CB9B /* cosmo-icon.png */; };
		52786B8D1D65A3C600B8CB9B /* croissant-icon.png in Resources */ = {isa = PBXBuildFile; fileRef = 52786B791D65A3C600B8CB9B /* croissant-icon.png */; };
		52786B8E1D65A3C600B8CB9B /* dog-icon.png in Resources */ = {isa = PBXBuildFile; fileRef = 52786B7A1D65A3C600B8CB9B /* dog-icon.png */; };
		52786B8F1D65A3C600B8CB9B /* dreidel-icon.png in Resources */ = {isa = PBXBuildFile; fileRef = 52786B7B1D65A3C600B8CB9B /* dreidel-icon.png */; };
		52786B921D65A70700B8CB9B /* NormalCollectionViewCell.swift in Sources */ = {isa = PBXBuildFile; fileRef = 52786B901D65A70700B8CB9B /* NormalCollectionViewCell.swift */; };
		52786B931D65A70700B8CB9B /* NormalCollectionViewCell.xib in Resources */ = {isa = PBXBuildFile; fileRef = 52786B911D65A70700B8CB9B /* NormalCollectionViewCell.xib */; };
		52786B961D65B0AC00B8CB9B /* SupplyHeadCollectionReusableView.swift in Sources */ = {isa = PBXBuildFile; fileRef = 52786B941D65B0AC00B8CB9B /* SupplyHeadCollectionReusableView.swift */; };
		52786B971D65B0AC00B8CB9B /* SupplyHeadCollectionReusableView.xib in Resources */ = {isa = PBXBuildFile; fileRef = 52786B951D65B0AC00B8CB9B /* SupplyHeadCollectionReusableView.xib */; };
		52786B9A1D65B49B00B8CB9B /* FixSupplementaryHeadCollectionReusableView.swift in Sources */ = {isa = PBXBuildFile; fileRef = 52786B981D65B49B00B8CB9B /* FixSupplementaryHeadCollectionReusableView.swift */; };
		52786B9B1D65B49B00B8CB9B /* FixSupplementaryHeadCollectionReusableView.xib in Resources */ = {isa = PBXBuildFile; fileRef = 52786B991D65B49B00B8CB9B /* FixSupplementaryHeadCollectionReusableView.xib */; };
		FFE0C09B1B8C096C00047467 /* SepicalHeadCollectionReusableView.m in Sources */ = {isa = PBXBuildFile; fileRef = FFE0C0991B8C096C00047467 /* SepicalHeadCollectionReusableView.m */; };
		FFE0C09C1B8C096C00047467 /* SepicalHeadCollectionReusableView.xib in Resources */ = {isa = PBXBuildFile; fileRef = FFE0C09A1B8C096C00047467 /* SepicalHeadCollectionReusableView.xib */; };
		FFE2DF701B7C39E0009E4D10 /* main.m in Sources */ = {isa = PBXBuildFile; fileRef = FFE2DF6F1B7C39E0009E4D10 /* main.m */; };
		FFE2DF731B7C39E0009E4D10 /* AppDelegate.m in Sources */ = {isa = PBXBuildFile; fileRef = FFE2DF721B7C39E0009E4D10 /* AppDelegate.m */; };
		FFE2DF761B7C39E0009E4D10 /* ViewController.m in Sources */ = {isa = PBXBuildFile; fileRef = FFE2DF751B7C39E0009E4D10 /* ViewController.m */; };
		FFE2DF791B7C39E0009E4D10 /* Main.storyboard in Resources */ = {isa = PBXBuildFile; fileRef = FFE2DF771B7C39E0009E4D10 /* Main.storyboard */; };
		FFE2DF7B1B7C39E0009E4D10 /* Images.xcassets in Resources */ = {isa = PBXBuildFile; fileRef = FFE2DF7A1B7C39E0009E4D10 /* Images.xcassets */; };
		FFE2DF7E1B7C39E0009E4D10 /* LaunchScreen.xib in Resources */ = {isa = PBXBuildFile; fileRef = FFE2DF7C1B7C39E0009E4D10 /* LaunchScreen.xib */; };
		FFE2DF8A1B7C39E0009E4D10 /* CustomCollectionViewLayoutDemoTests.m in Sources */ = {isa = PBXBuildFile; fileRef = FFE2DF891B7C39E0009E4D10 /* CustomCollectionViewLayoutDemoTests.m */; };
		FFE2DF991B7C39F8009E4D10 /* NumCollectionViewCell.m in Sources */ = {isa = PBXBuildFile; fileRef = FFE2DF941B7C39F8009E4D10 /* NumCollectionViewCell.m */; };
		FFE2DF9A1B7C39F8009E4D10 /* NumCollectionReusableView.m in Sources */ = {isa = PBXBuildFile; fileRef = FFE2DF961B7C39F8009E4D10 /* NumCollectionReusableView.m */; };
		FFE2DF9B1B7C39F8009E4D10 /* DoubleGridLayout.m in Sources */ = {isa = PBXBuildFile; fileRef = FFE2DF981B7C39F8009E4D10 /* DoubleGridLayout.m */; };
/* End PBXBuildFile section */

/* Begin PBXContainerItemProxy section */
		FFE2DF841B7C39E0009E4D10 /* PBXContainerItemProxy */ = {
			isa = PBXContainerItemProxy;
			containerPortal = FFE2DF621B7C39E0009E4D10 /* Project object */;
			proxyType = 1;
			remoteGlobalIDString = FFE2DF691B7C39E0009E4D10;
			remoteInfo = CustomCollectionViewLayoutDemo;
		};
/* End PBXContainerItemProxy section */

/* Begin PBXFileReference section */
		52786B531D659B3100B8CB9B /* FloatFlexHeaderLayout.app */ = {isa = PBXFileReference; explicitFileType = wrapper.application; includeInIndex = 0; path = FloatFlexHeaderLayout.app; sourceTree = BUILT_PRODUCTS_DIR; };
		52786B551D659B3100B8CB9B /* AppDelegate.swift */ = {isa = PBXFileReference; lastKnownFileType = sourcecode.swift; path = AppDelegate.swift; sourceTree = "<group>"; };
		52786B571D659B3100B8CB9B /* ViewController.swift */ = {isa = PBXFileReference; lastKnownFileType = sourcecode.swift; path = ViewController.swift; sourceTree = "<group>"; };
		52786B5A1D659B3100B8CB9B /* Base */ = {isa = PBXFileReference; lastKnownFileType = file.storyboard; name = Base; path = Base.lproj/Main.storyboard; sourceTree = "<group>"; };
		52786B5C1D659B3100B8CB9B /* Assets.xcassets */ = {isa = PBXFileReference; lastKnownFileType = folder.assetcatalog; path = Assets.xcassets; sourceTree = "<group>"; };
		52786B5F1D659B3100B8CB9B /* Base */ = {isa = PBXFileReference; lastKnownFileType = file.storyboard; name = Base; path = Base.lproj/LaunchScreen.storyboard; sourceTree = "<group>"; };
		52786B611D659B3100B8CB9B /* Info.plist */ = {isa = PBXFileReference; lastKnownFileType = text.plist.xml; path = Info.plist; sourceTree = "<group>"; };
		52786B651D659BBF00B8CB9B /* FloatFlexCollectionViewLayout.swift */ = {isa = PBXFileReference; fileEncoding = 4; lastKnownFileType = sourcecode.swift; path = FloatFlexCollectionViewLayout.swift; sourceTree = "<group>"; };
		52786B681D65A3C600B8CB9B /* airport-icon.png */ = {isa = PBXFileReference; lastKnownFileType = image.png; path = "airport-icon.png"; sourceTree = "<group>"; };
		52786B691D65A3C600B8CB9B /* beer-icon.png */ = {isa = PBXFileReference; lastKnownFileType = image.png; path = "beer-icon.png"; sourceTree = "<group>"; };
		52786B6A1D65A3C600B8CB9B /* bicep-icon.png */ = {isa = PBXFileReference; lastKnownFileType = image.png; path = "bicep-icon.png"; sourceTree = "<group>"; };
		52786B6B1D65A3C600B8CB9B /* bike-icon.png */ = {isa = PBXFileReference; lastKnownFileType = image.png; path = "bike-icon.png"; sourceTree = "<group>"; };
		52786B6C1D65A3C600B8CB9B /* birthday-icon.png */ = {isa = PBXFileReference; lastKnownFileType = image.png; path = "birthday-icon.png"; sourceTree = "<group>"; };
		52786B6D1D65A3C600B8CB9B /* bloody-mary-icon.png */ = {isa = PBXFileReference; lastKnownFileType = image.png; path = "bloody-mary-icon.png"; sourceTree = "<group>"; };
		52786B6E1D65A3C600B8CB9B /* book-icon.png */ = {isa = PBXFileReference; lastKnownFileType = image.png; path = "book-icon.png"; sourceTree = "<group>"; };
		52786B6F1D65A3C600B8CB9B /* brunch-icon.png */ = {isa = PBXFileReference; lastKnownFileType = image.png; path = "brunch-icon.png"; sourceTree = "<group>"; };
		52786B701D65A3C600B8CB9B /* candy-cane-icon.png */ = {isa = PBXFileReference; lastKnownFileType = image.png; path = "candy-cane-icon.png"; sourceTree = "<group>"; };
		52786B711D65A3C600B8CB9B /* cat-icon.png */ = {isa = PBXFileReference; lastKnownFileType = image.png; path = "cat-icon.png"; sourceTree = "<group>"; };
		52786B721D65A3C600B8CB9B /* chicken-leg-icon.png */ = {isa = PBXFileReference; lastKnownFileType = image.png; path = "chicken-leg-icon.png"; sourceTree = "<group>"; };
		52786B731D65A3C600B8CB9B /* chinese-take-out-icon.png */ = {isa = PBXFileReference; lastKnownFileType = image.png; path = "chinese-take-out-icon.png"; sourceTree = "<group>"; };
		52786B741D65A3C600B8CB9B /* christmas-tree-icon.png */ = {isa = PBXFileReference; lastKnownFileType = image.png; path = "christmas-tree-icon.png"; sourceTree = "<group>"; };
		52786B751D65A3C600B8CB9B /* clapper-icon.png */ = {isa = PBXFileReference; lastKnownFileType = image.png; path = "clapper-icon.png"; sourceTree = "<group>"; };
		52786B761D65A3C600B8CB9B /* coffee-2-icon.png */ = {isa = PBXFileReference; lastKnownFileType = image.png; path = "coffee-2-icon.png"; sourceTree = "<group>"; };
		52786B771D65A3C600B8CB9B /* coffee-icon.png */ = {isa = PBXFileReference; lastKnownFileType = image.png; path = "coffee-icon.png"; sourceTree = "<group>"; };
		52786B781D65A3C600B8CB9B /* cosmo-icon.png */ = {isa = PBXFileReference; lastKnownFileType = image.png; path = "cosmo-icon.png"; sourceTree = "<group>"; };
		52786B791D65A3C600B8CB9B /* croissant-icon.png */ = {isa = PBXFileReference; lastKnownFileType = image.png; path = "croissant-icon.png"; sourceTree = "<group>"; };
		52786B7A1D65A3C600B8CB9B /* dog-icon.png */ = {isa = PBXFileReference; lastKnownFileType = image.png; path = "dog-icon.png"; sourceTree = "<group>"; };
		52786B7B1D65A3C600B8CB9B /* dreidel-icon.png */ = {isa = PBXFileReference; lastKnownFileType = image.png; path = "dreidel-icon.png"; sourceTree = "<group>"; };
		52786B901D65A70700B8CB9B /* NormalCollectionViewCell.swift */ = {isa = PBXFileReference; fileEncoding = 4; lastKnownFileType = sourcecode.swift; path = NormalCollectionViewCell.swift; sourceTree = "<group>"; };
		52786B911D65A70700B8CB9B /* NormalCollectionViewCell.xib */ = {isa = PBXFileReference; fileEncoding = 4; lastKnownFileType = file.xib; path = NormalCollectionViewCell.xib; sourceTree = "<group>"; };
		52786B941D65B0AC00B8CB9B /* SupplyHeadCollectionReusableView.swift */ = {isa = PBXFileReference; fileEncoding = 4; lastKnownFileType = sourcecode.swift; path = SupplyHeadCollectionReusableView.swift; sourceTree = "<group>"; };
		52786B951D65B0AC00B8CB9B /* SupplyHeadCollectionReusableView.xib */ = {isa = PBXFileReference; fileEncoding = 4; lastKnownFileType = file.xib; path = SupplyHeadCollectionReusableView.xib; sourceTree = "<group>"; };
		52786B981D65B49B00B8CB9B /* FixSupplementaryHeadCollectionReusableView.swift */ = {isa = PBXFileReference; fileEncoding = 4; lastKnownFileType = sourcecode.swift; path = FixSupplementaryHeadCollectionReusableView.swift; sourceTree = "<group>"; };
		52786B991D65B49B00B8CB9B /* FixSupplementaryHeadCollectionReusableView.xib */ = {isa = PBXFileReference; fileEncoding = 4; lastKnownFileType = file.xib; path = FixSupplementaryHeadCollectionReusableView.xib; sourceTree = "<group>"; };
		FFE0C0981B8C096C00047467 /* SepicalHeadCollectionReusableView.h */ = {isa = PBXFileReference; fileEncoding = 4; lastKnownFileType = sourcecode.c.h; path = SepicalHeadCollectionReusableView.h; sourceTree = "<group>"; };
		FFE0C0991B8C096C00047467 /* SepicalHeadCollectionReusableView.m */ = {isa = PBXFileReference; fileEncoding = 4; lastKnownFileType = sourcecode.c.objc; path = SepicalHeadCollectionReusableView.m; sourceTree = "<group>"; };
		FFE0C09A1B8C096C00047467 /* SepicalHeadCollectionReusableView.xib */ = {isa = PBXFileReference; fileEncoding = 4; lastKnownFileType = file.xib; path = SepicalHeadCollectionReusableView.xib; sourceTree = "<group>"; };
		FFE2DF6A1B7C39E0009E4D10 /* CustomCollectionViewLayoutDemo.app */ = {isa = PBXFileReference; explicitFileType = wrapper.application; includeInIndex = 0; path = CustomCollectionViewLayoutDemo.app; sourceTree = BUILT_PRODUCTS_DIR; };
		FFE2DF6E1B7C39E0009E4D10 /* Info.plist */ = {isa = PBXFileReference; lastKnownFileType = text.plist.xml; path = Info.plist; sourceTree = "<group>"; };
		FFE2DF6F1B7C39E0009E4D10 /* main.m */ = {isa = PBXFileReference; lastKnownFileType = sourcecode.c.objc; path = main.m; sourceTree = "<group>"; };
		FFE2DF711B7C39E0009E4D10 /* AppDelegate.h */ = {isa = PBXFileReference; lastKnownFileType = sourcecode.c.h; path = AppDelegate.h; sourceTree = "<group>"; };
		FFE2DF721B7C39E0009E4D10 /* AppDelegate.m */ = {isa = PBXFileReference; lastKnownFileType = sourcecode.c.objc; path = AppDelegate.m; sourceTree = "<group>"; };
		FFE2DF741B7C39E0009E4D10 /* ViewController.h */ = {isa = PBXFileReference; lastKnownFileType = sourcecode.c.h; path = ViewController.h; sourceTree = "<group>"; };
		FFE2DF751B7C39E0009E4D10 /* ViewController.m */ = {isa = PBXFileReference; lastKnownFileType = sourcecode.c.objc; path = ViewController.m; sourceTree = "<group>"; };
		FFE2DF781B7C39E0009E4D10 /* Base */ = {isa = PBXFileReference; lastKnownFileType = file.storyboard; name = Base; path = Base.lproj/Main.storyboard; sourceTree = "<group>"; };
		FFE2DF7A1B7C39E0009E4D10 /* Images.xcassets */ = {isa = PBXFileReference; lastKnownFileType = folder.assetcatalog; path = Images.xcassets; sourceTree = "<group>"; };
		FFE2DF7D1B7C39E0009E4D10 /* Base */ = {isa = PBXFileReference; lastKnownFileType = file.xib; name = Base; path = Base.lproj/LaunchScreen.xib; sourceTree = "<group>"; };
		FFE2DF831B7C39E0009E4D10 /* CustomCollectionViewLayoutDemoTests.xctest */ = {isa = PBXFileReference; explicitFileType = wrapper.cfbundle; includeInIndex = 0; path = CustomCollectionViewLayoutDemoTests.xctest; sourceTree = BUILT_PRODUCTS_DIR; };
		FFE2DF881B7C39E0009E4D10 /* Info.plist */ = {isa = PBXFileReference; lastKnownFileType = text.plist.xml; path = Info.plist; sourceTree = "<group>"; };
		FFE2DF891B7C39E0009E4D10 /* CustomCollectionViewLayoutDemoTests.m */ = {isa = PBXFileReference; lastKnownFileType = sourcecode.c.objc; path = CustomCollectionViewLayoutDemoTests.m; sourceTree = "<group>"; };
		FFE2DF931B7C39F8009E4D10 /* NumCollectionViewCell.h */ = {isa = PBXFileReference; fileEncoding = 4; lastKnownFileType = sourcecode.c.h; path = NumCollectionViewCell.h; sourceTree = "<group>"; };
		FFE2DF941B7C39F8009E4D10 /* NumCollectionViewCell.m */ = {isa = PBXFileReference; fileEncoding = 4; lastKnownFileType = sourcecode.c.objc; path = NumCollectionViewCell.m; sourceTree = "<group>"; };
		FFE2DF951B7C39F8009E4D10 /* NumCollectionReusableView.h */ = {isa = PBXFileReference; fileEncoding = 4; lastKnownFileType = sourcecode.c.h; path = NumCollectionReusableView.h; sourceTree = "<group>"; };
		FFE2DF961B7C39F8009E4D10 /* NumCollectionReusableView.m */ = {isa = PBXFileReference; fileEncoding = 4; lastKnownFileType = sourcecode.c.objc; path = NumCollectionReusableView.m; sourceTree = "<group>"; };
		FFE2DF971B7C39F8009E4D10 /* DoubleGridLayout.h */ = {isa = PBXFileReference; fileEncoding = 4; lastKnownFileType = sourcecode.c.h; path = DoubleGridLayout.h; sourceTree = "<group>"; };
		FFE2DF981B7C39F8009E4D10 /* DoubleGridLayout.m */ = {isa = PBXFileReference; fileEncoding = 4; lastKnownFileType = sourcecode.c.objc; path = DoubleGridLayout.m; sourceTree = "<group>"; };
/* End PBXFileReference section */

/* Begin PBXFrameworksBuildPhase section */
		52786B501D659B3100B8CB9B /* Frameworks */ = {
			isa = PBXFrameworksBuildPhase;
			buildActionMask = 2147483647;
			files = (
			);
			runOnlyForDeploymentPostprocessing = 0;
		};
		FFE2DF671B7C39E0009E4D10 /* Frameworks */ = {
			isa = PBXFrameworksBuildPhase;
			buildActionMask = 2147483647;
			files = (
			);
			runOnlyForDeploymentPostprocessing = 0;
		};
		FFE2DF801B7C39E0009E4D10 /* Frameworks */ = {
			isa = PBXFrameworksBuildPhase;
			buildActionMask = 2147483647;
			files = (
			);
			runOnlyForDeploymentPostprocessing = 0;
		};
/* End PBXFrameworksBuildPhase section */

/* Begin PBXGroup section */
		52786B541D659B3100B8CB9B /* FloatFlexHeaderLayout */ = {
			isa = PBXGroup;
			children = (
				52786B671D65A3C600B8CB9B /* img */,
				52786B551D659B3100B8CB9B /* AppDelegate.swift */,
				52786B571D659B3100B8CB9B /* ViewController.swift */,
				52786B651D659BBF00B8CB9B /* FloatFlexCollectionViewLayout.swift */,
				52786B981D65B49B00B8CB9B /* FixSupplementaryHeadCollectionReusableView.swift */,
				52786B991D65B49B00B8CB9B /* FixSupplementaryHeadCollectionReusableView.xib */,
				52786B941D65B0AC00B8CB9B /* SupplyHeadCollectionReusableView.swift */,
				52786B951D65B0AC00B8CB9B /* SupplyHeadCollectionReusableView.xib */,
				52786B901D65A70700B8CB9B /* NormalCollectionViewCell.swift */,
				52786B911D65A70700B8CB9B /* NormalCollectionViewCell.xib */,
				52786B591D659B3100B8CB9B /* Main.storyboard */,
				52786B5C1D659B3100B8CB9B /* Assets.xcassets */,
				52786B5E1D659B3100B8CB9B /* LaunchScreen.storyboard */,
				52786B611D659B3100B8CB9B /* Info.plist */,
			);
			path = FloatFlexHeaderLayout;
			sourceTree = "<group>";
		};
		52786B671D65A3C600B8CB9B /* img */ = {
			isa = PBXGroup;
			children = (
				52786B681D65A3C600B8CB9B /* airport-icon.png */,
				52786B691D65A3C600B8CB9B /* beer-icon.png */,
				52786B6A1D65A3C600B8CB9B /* bicep-icon.png */,
				52786B6B1D65A3C600B8CB9B /* bike-icon.png */,
				52786B6C1D65A3C600B8CB9B /* birthday-icon.png */,
				52786B6D1D65A3C600B8CB9B /* bloody-mary-icon.png */,
				52786B6E1D65A3C600B8CB9B /* book-icon.png */,
				52786B6F1D65A3C600B8CB9B /* brunch-icon.png */,
				52786B701D65A3C600B8CB9B /* candy-cane-icon.png */,
				52786B711D65A3C600B8CB9B /* cat-icon.png */,
				52786B721D65A3C600B8CB9B /* chicken-leg-icon.png */,
				52786B731D65A3C600B8CB9B /* chinese-take-out-icon.png */,
				52786B741D65A3C600B8CB9B /* christmas-tree-icon.png */,
				52786B751D65A3C600B8CB9B /* clapper-icon.png */,
				52786B761D65A3C600B8CB9B /* coffee-2-icon.png */,
				52786B771D65A3C600B8CB9B /* coffee-icon.png */,
				52786B781D65A3C600B8CB9B /* cosmo-icon.png */,
				52786B791D65A3C600B8CB9B /* croissant-icon.png */,
				52786B7A1D65A3C600B8CB9B /* dog-icon.png */,
				52786B7B1D65A3C600B8CB9B /* dreidel-icon.png */,
			);
			path = img;
			sourceTree = "<group>";
		};
		FFE2DF611B7C39E0009E4D10 = {
			isa = PBXGroup;
			children = (
				FFE2DF6C1B7C39E0009E4D10 /* CustomCollectionViewLayoutDemo */,
				FFE2DF861B7C39E0009E4D10 /* CustomCollectionViewLayoutDemoTests */,
				52786B541D659B3100B8CB9B /* FloatFlexHeaderLayout */,
				FFE2DF6B1B7C39E0009E4D10 /* Products */,
			);
			sourceTree = "<group>";
		};
		FFE2DF6B1B7C39E0009E4D10 /* Products */ = {
			isa = PBXGroup;
			children = (
				FFE2DF6A1B7C39E0009E4D10 /* CustomCollectionViewLayoutDemo.app */,
				FFE2DF831B7C39E0009E4D10 /* CustomCollectionViewLayoutDemoTests.xctest */,
				52786B531D659B3100B8CB9B /* FloatFlexHeaderLayout.app */,
			);
			name = Products;
			sourceTree = "<group>";
		};
		FFE2DF6C1B7C39E0009E4D10 /* CustomCollectionViewLayoutDemo */ = {
			isa = PBXGroup;
			children = (
				FFE2DF711B7C39E0009E4D10 /* AppDelegate.h */,
				FFE2DF721B7C39E0009E4D10 /* AppDelegate.m */,
				FFE2DF741B7C39E0009E4D10 /* ViewController.h */,
				FFE2DF751B7C39E0009E4D10 /* ViewController.m */,
				FFE2DF931B7C39F8009E4D10 /* NumCollectionViewCell.h */,
				FFE2DF941B7C39F8009E4D10 /* NumCollectionViewCell.m */,
				FFE2DF951B7C39F8009E4D10 /* NumCollectionReusableView.h */,
				FFE2DF961B7C39F8009E4D10 /* NumCollectionReusableView.m */,
				FFE0C0981B8C096C00047467 /* SepicalHeadCollectionReusableView.h */,
				FFE0C0991B8C096C00047467 /* SepicalHeadCollectionReusableView.m */,
				FFE0C09A1B8C096C00047467 /* SepicalHeadCollectionReusableView.xib */,
				FFE2DF971B7C39F8009E4D10 /* DoubleGridLayout.h */,
				FFE2DF981B7C39F8009E4D10 /* DoubleGridLayout.m */,
				FFE2DF771B7C39E0009E4D10 /* Main.storyboard */,
				FFE2DF7A1B7C39E0009E4D10 /* Images.xcassets */,
				FFE2DF7C1B7C39E0009E4D10 /* LaunchScreen.xib */,
				FFE2DF6D1B7C39E0009E4D10 /* Supporting Files */,
			);
			path = CustomCollectionViewLayoutDemo;
			sourceTree = "<group>";
		};
		FFE2DF6D1B7C39E0009E4D10 /* Supporting Files */ = {
			isa = PBXGroup;
			children = (
				FFE2DF6E1B7C39E0009E4D10 /* Info.plist */,
				FFE2DF6F1B7C39E0009E4D10 /* main.m */,
			);
			name = "Supporting Files";
			sourceTree = "<group>";
		};
		FFE2DF861B7C39E0009E4D10 /* CustomCollectionViewLayoutDemoTests */ = {
			isa = PBXGroup;
			children = (
				FFE2DF891B7C39E0009E4D10 /* CustomCollectionViewLayoutDemoTests.m */,
				FFE2DF871B7C39E0009E4D10 /* Supporting Files */,
			);
			path = CustomCollectionViewLayoutDemoTests;
			sourceTree = "<group>";
		};
		FFE2DF871B7C39E0009E4D10 /* Supporting Files */ = {
			isa = PBXGroup;
			children = (
				FFE2DF881B7C39E0009E4D10 /* Info.plist */,
			);
			name = "Supporting Files";
			sourceTree = "<group>";
		};
/* End PBXGroup section */

/* Begin PBXNativeTarget section */
		52786B521D659B3100B8CB9B /* FloatFlexHeaderLayout */ = {
			isa = PBXNativeTarget;
			buildConfigurationList = 52786B641D659B3100B8CB9B /* Build configuration list for PBXNativeTarget "FloatFlexHeaderLayout" */;
			buildPhases = (
				52786B4F1D659B3100B8CB9B /* Sources */,
				52786B501D659B3100B8CB9B /* Frameworks */,
				52786B511D659B3100B8CB9B /* Resources */,
			);
			buildRules = (
			);
			dependencies = (
			);
			name = FloatFlexHeaderLayout;
			productName = FloatFlexHeaderLayout;
			productReference = 52786B531D659B3100B8CB9B /* FloatFlexHeaderLayout.app */;
			productType = "com.apple.product-type.application";
		};
		FFE2DF691B7C39E0009E4D10 /* CustomCollectionViewLayoutDemo */ = {
			isa = PBXNativeTarget;
			buildConfigurationList = FFE2DF8D1B7C39E0009E4D10 /* Build configuration list for PBXNativeTarget "CustomCollectionViewLayoutDemo" */;
			buildPhases = (
				FFE2DF661B7C39E0009E4D10 /* Sources */,
				FFE2DF671B7C39E0009E4D10 /* Frameworks */,
				FFE2DF681B7C39E0009E4D10 /* Resources */,
			);
			buildRules = (
			);
			dependencies = (
			);
			name = CustomCollectionViewLayoutDemo;
			productName = CustomCollectionViewLayoutDemo;
			productReference = FFE2DF6A1B7C39E0009E4D10 /* CustomCollectionViewLayoutDemo.app */;
			productType = "com.apple.product-type.application";
		};
		FFE2DF821B7C39E0009E4D10 /* CustomCollectionViewLayoutDemoTests */ = {
			isa = PBXNativeTarget;
			buildConfigurationList = FFE2DF901B7C39E0009E4D10 /* Build configuration list for PBXNativeTarget "CustomCollectionViewLayoutDemoTests" */;
			buildPhases = (
				FFE2DF7F1B7C39E0009E4D10 /* Sources */,
				FFE2DF801B7C39E0009E4D10 /* Frameworks */,
				FFE2DF811B7C39E0009E4D10 /* Resources */,
			);
			buildRules = (
			);
			dependencies = (
				FFE2DF851B7C39E0009E4D10 /* PBXTargetDependency */,
			);
			name = CustomCollectionViewLayoutDemoTests;
			productName = CustomCollectionViewLayoutDemoTests;
			productReference = FFE2DF831B7C39E0009E4D10 /* CustomCollectionViewLayoutDemoTests.xctest */;
			productType = "com.apple.product-type.bundle.unit-test";
		};
/* End PBXNativeTarget section */

/* Begin PBXProject section */
		FFE2DF621B7C39E0009E4D10 /* Project object */ = {
			isa = PBXProject;
			attributes = {
				LastSwiftUpdateCheck = 0730;
				LastUpgradeCheck = 0640;
				ORGANIZATIONNAME = taolv365.ios.recycle;
				TargetAttributes = {
					52786B521D659B3100B8CB9B = {
						CreatedOnToolsVersion = 7.3.1;
					};
					FFE2DF691B7C39E0009E4D10 = {
						CreatedOnToolsVersion = 6.4;
					};
					FFE2DF821B7C39E0009E4D10 = {
						CreatedOnToolsVersion = 6.4;
						TestTargetID = FFE2DF691B7C39E0009E4D10;
					};
				};
			};
			buildConfigurationList = FFE2DF651B7C39E0009E4D10 /* Build configuration list for PBXProject "CustomCollectionViewLayoutDemo" */;
			compatibilityVersion = "Xcode 3.2";
			developmentRegion = English;
			hasScannedForEncodings = 0;
			knownRegions = (
				en,
				Base,
			);
			mainGroup = FFE2DF611B7C39E0009E4D10;
			productRefGroup = FFE2DF6B1B7C39E0009E4D10 /* Products */;
			projectDirPath = "";
			projectRoot = "";
			targets = (
				FFE2DF691B7C39E0009E4D10 /* CustomCollectionViewLayoutDemo */,
				FFE2DF821B7C39E0009E4D10 /* CustomCollectionViewLayoutDemoTests */,
				52786B521D659B3100B8CB9B /* FloatFlexHeaderLayout */,
			);
		};
/* End PBXProject section */

/* Begin PBXResourcesBuildPhase section */
		52786B511D659B3100B8CB9B /* Resources */ = {
			isa = PBXResourcesBuildPhase;
			buildActionMask = 2147483647;
			files = (
				52786B811D65A3C600B8CB9B /* bloody-mary-icon.png in Resources */,
				52786B871D65A3C600B8CB9B /* chinese-take-out-icon.png in Resources */,
				52786B821D65A3C600B8CB9B /* book-icon.png in Resources */,
				52786B7F1D65A3C600B8CB9B /* bike-icon.png in Resources */,
				52786B801D65A3C600B8CB9B /* birthday-icon.png in Resources */,
				52786B8A1D65A3C600B8CB9B /* coffee-2-icon.png in Resources */,
				52786B8B1D65A3C600B8CB9B /* coffee-icon.png in Resources */,
				52786B7E1D65A3C600B8CB9B /* bicep-icon.png in Resources */,
				52786B8C1D65A3C600B8CB9B /* cosmo-icon.png in Resources */,
				52786B9B1D65B49B00B8CB9B /* FixSupplementaryHeadCollectionReusableView.xib in Resources */,
				52786B891D65A3C600B8CB9B /* clapper-icon.png in Resources */,
				52786B971D65B0AC00B8CB9B /* SupplyHeadCollectionReusableView.xib in Resources */,
				52786B601D659B3100B8CB9B /* LaunchScreen.storyboard in Resources */,
				52786B8E1D65A3C600B8CB9B /* dog-icon.png in Resources */,
				52786B8D1D65A3C600B8CB9B /* croissant-icon.png in Resources */,
				52786B931D65A70700B8CB9B /* NormalCollectionViewCell.xib in Resources */,
				52786B5D1D659B3100B8CB9B /* Assets.xcassets in Resources */,
				52786B861D65A3C600B8CB9B /* chicken-leg-icon.png in Resources */,
				52786B841D65A3C600B8CB9B /* candy-cane-icon.png in Resources */,
				52786B851D65A3C600B8CB9B /* cat-icon.png in Resources */,
				52786B881D65A3C600B8CB9B /* christmas-tree-icon.png in Resources */,
				52786B7D1D65A3C600B8CB9B /* beer-icon.png in Resources */,
				52786B831D65A3C600B8CB9B /* brunch-icon.png in Resources */,
				52786B7C1D65A3C600B8CB9B /* airport-icon.png in Resources */,
				52786B8F1D65A3C600B8CB9B /* dreidel-icon.png in Resources */,
				52786B5B1D659B3100B8CB9B /* Main.storyboard in Resources */,
			);
			runOnlyForDeploymentPostprocessing = 0;
		};
		FFE2DF681B7C39E0009E4D10 /* Resources */ = {
			isa = PBXResourcesBuildPhase;
			buildActionMask = 2147483647;
			files = (
				FFE2DF791B7C39E0009E4D10 /* Main.storyboard in Resources */,
				FFE2DF7E1B7C39E0009E4D10 /* LaunchScreen.xib in Resources */,
				FFE2DF7B1B7C39E0009E4D10 /* Images.xcassets in Resources */,
				FFE0C09C1B8C096C00047467 /* SepicalHeadCollectionReusableView.xib in Resources */,
			);
			runOnlyForDeploymentPostprocessing = 0;
		};
		FFE2DF811B7C39E0009E4D10 /* Resources */ = {
			isa = PBXResourcesBuildPhase;
			buildActionMask = 2147483647;
			files = (
			);
			runOnlyForDeploymentPostprocessing = 0;
		};
/* End PBXResourcesBuildPhase section */

/* Begin PBXSourcesBuildPhase section */
		52786B4F1D659B3100B8CB9B /* Sources */ = {
			isa = PBXSourcesBuildPhase;
			buildActionMask = 2147483647;
			files = (
				52786B581D659B3100B8CB9B /* ViewController.swift in Sources */,
				52786B921D65A70700B8CB9B /* NormalCollectionViewCell.swift in Sources */,
				52786B661D659BBF00B8CB9B /* FloatFlexCollectionViewLayout.swift in Sources */,
				52786B561D659B3100B8CB9B /* AppDelegate.swift in Sources */,
				52786B961D65B0AC00B8CB9B /* SupplyHeadCollectionReusableView.swift in Sources */,
				52786B9A1D65B49B00B8CB9B /* FixSupplementaryHeadCollectionReusableView.swift in Sources */,
			);
			runOnlyForDeploymentPostprocessing = 0;
		};
		FFE2DF661B7C39E0009E4D10 /* Sources */ = {
			isa = PBXSourcesBuildPhase;
			buildActionMask = 2147483647;
			files = (
				FFE2DF761B7C39E0009E4D10 /* ViewController.m in Sources */,
				FFE2DF991B7C39F8009E4D10 /* NumCollectionViewCell.m in Sources */,
				FFE2DF9B1B7C39F8009E4D10 /* DoubleGridLayout.m in Sources */,
				FFE2DF731B7C39E0009E4D10 /* AppDelegate.m in Sources */,
				FFE0C09B1B8C096C00047467 /* SepicalHeadCollectionReusableView.m in Sources */,
				FFE2DF701B7C39E0009E4D10 /* main.m in Sources */,
				FFE2DF9A1B7C39F8009E4D10 /* NumCollectionReusableView.m in Sources */,
			);
			runOnlyForDeploymentPostprocessing = 0;
		};
		FFE2DF7F1B7C39E0009E4D10 /* Sources */ = {
			isa = PBXSourcesBuildPhase;
			buildActionMask = 2147483647;
			files = (
				FFE2DF8A1B7C39E0009E4D10 /* CustomCollectionViewLayoutDemoTests.m in Sources */,
			);
			runOnlyForDeploymentPostprocessing = 0;
		};
/* End PBXSourcesBuildPhase section */

/* Begin PBXTargetDependency section */
		FFE2DF851B7C39E0009E4D10 /* PBXTargetDependency */ = {
			isa = PBXTargetDependency;
			target = FFE2DF691B7C39E0009E4D10 /* CustomCollectionViewLayoutDemo */;
			targetProxy = FFE2DF841B7C39E0009E4D10 /* PBXContainerItemProxy */;
		};
/* End PBXTargetDependency section */

/* Begin PBXVariantGroup section */
		52786B591D659B3100B8CB9B /* Main.storyboard */ = {
			isa = PBXVariantGroup;
			children = (
				52786B5A1D659B3100B8CB9B /* Base */,
			);
			name = Main.storyboard;
			sourceTree = "<group>";
		};
		52786B5E1D659B3100B8CB9B /* LaunchScreen.storyboard */ = {
			isa = PBXVariantGroup;
			children = (
				52786B5F1D659B3100B8CB9B /* Base */,
			);
			name = LaunchScreen.storyboard;
			sourceTree = "<group>";
		};
		FFE2DF771B7C39E0009E4D10 /* Main.storyboard */ = {
			isa = PBXVariantGroup;
			children = (
				FFE2DF781B7C39E0009E4D10 /* Base */,
			);
			name = Main.storyboard;
			sourceTree = "<group>";
		};
		FFE2DF7C1B7C39E0009E4D10 /* LaunchScreen.xib */ = {
			isa = PBXVariantGroup;
			children = (
				FFE2DF7D1B7C39E0009E4D10 /* Base */,
			);
			name = LaunchScreen.xib;
			sourceTree = "<group>";
		};
/* End PBXVariantGroup section */

/* Begin XCBuildConfiguration section */
		52786B621D659B3100B8CB9B /* Debug */ = {
			isa = XCBuildConfiguration;
			buildSettings = {
				ASSETCATALOG_COMPILER_APPICON_NAME = AppIcon;
				CLANG_ANALYZER_NONNULL = YES;
				DEBUG_INFORMATION_FORMAT = dwarf;
				ENABLE_TESTABILITY = YES;
				INFOPLIST_FILE = FloatFlexHeaderLayout/Info.plist;
				IPHONEOS_DEPLOYMENT_TARGET = 9.3;
				LD_RUNPATH_SEARCH_PATHS = "$(inherited) @executable_path/Frameworks";
				PRODUCT_BUNDLE_IDENTIFIER = edu.bolo.www.FloatFlexHeaderLayout;
				PRODUCT_NAME = "$(TARGET_NAME)";
				SWIFT_OPTIMIZATION_LEVEL = "-Onone";
				TARGETED_DEVICE_FAMILY = "1,2";
			};
			name = Debug;
		};
		52786B631D659B3100B8CB9B /* Release */ = {
			isa = XCBuildConfiguration;
			buildSettings = {
				ASSETCATALOG_COMPILER_APPICON_NAME = AppIcon;
				CLANG_ANALYZER_NONNULL = YES;
				INFOPLIST_FILE = FloatFlexHeaderLayout/Info.plist;
				IPHONEOS_DEPLOYMENT_TARGET = 9.3;
				LD_RUNPATH_SEARCH_PATHS = "$(inherited) @executable_path/Frameworks";
				PRODUCT_BUNDLE_IDENTIFIER = edu.bolo.www.FloatFlexHeaderLayout;
				PRODUCT_NAME = "$(TARGET_NAME)";
				TARGETED_DEVICE_FAMILY = "1,2";
			};
			name = Release;
		};
		FFE2DF8B1B7C39E0009E4D10 /* Debug */ = {
			isa = XCBuildConfiguration;
			buildSettings = {
				ALWAYS_SEARCH_USER_PATHS = NO;
				CLANG_CXX_LANGUAGE_STANDARD = "gnu++0x";
				CLANG_CXX_LIBRARY = "libc++";
				CLANG_ENABLE_MODULES = YES;
				CLANG_ENABLE_OBJC_ARC = YES;
				CLANG_WARN_BOOL_CONVERSION = YES;
				CLANG_WARN_CONSTANT_CONVERSION = YES;
				CLANG_WARN_DIRECT_OBJC_ISA_USAGE = YES_ERROR;
				CLANG_WARN_EMPTY_BODY = YES;
				CLANG_WARN_ENUM_CONVERSION = YES;
				CLANG_WARN_INT_CONVERSION = YES;
				CLANG_WARN_OBJC_ROOT_CLASS = YES_ERROR;
				CLANG_WARN_UNREACHABLE_CODE = YES;
				CLANG_WARN__DUPLICATE_METHOD_MATCH = YES;
				"CODE_SIGN_IDENTITY[sdk=iphoneos*]" = "iPhone Developer";
				COPY_PHASE_STRIP = NO;
				DEBUG_INFORMATION_FORMAT = "dwarf-with-dsym";
				ENABLE_STRICT_OBJC_MSGSEND = YES;
				GCC_C_LANGUAGE_STANDARD = gnu99;
				GCC_DYNAMIC_NO_PIC = NO;
				GCC_NO_COMMON_BLOCKS = YES;
				GCC_OPTIMIZATION_LEVEL = 0;
				GCC_PREPROCESSOR_DEFINITIONS = (
					"DEBUG=1",
					"$(inherited)",
				);
				GCC_SYMBOLS_PRIVATE_EXTERN = NO;
				GCC_WARN_64_TO_32_BIT_CONVERSION = YES;
				GCC_WARN_ABOUT_RETURN_TYPE = YES_ERROR;
				GCC_WARN_UNDECLARED_SELECTOR = YES;
				GCC_WARN_UNINITIALIZED_AUTOS = YES_AGGRESSIVE;
				GCC_WARN_UNUSED_FUNCTION = YES;
				GCC_WARN_UNUSED_VARIABLE = YES;
				IPHONEOS_DEPLOYMENT_TARGET = 8.4;
				MTL_ENABLE_DEBUG_INFO = YES;
				ONLY_ACTIVE_ARCH = YES;
				SDKROOT = iphoneos;
			};
			name = Debug;
		};
		FFE2DF8C1B7C39E0009E4D10 /* Release */ = {
			isa = XCBuildConfiguration;
			buildSettings = {
				ALWAYS_SEARCH_USER_PATHS = NO;
				CLANG_CXX_LANGUAGE_STANDARD = "gnu++0x";
				CLANG_CXX_LIBRARY = "libc++";
				CLANG_ENABLE_MODULES = YES;
				CLANG_ENABLE_OBJC_ARC = YES;
				CLANG_WARN_BOOL_CONVERSION = YES;
				CLANG_WARN_CONSTANT_CONVERSION = YES;
				CLANG_WARN_DIRECT_OBJC_ISA_USAGE = YES_ERROR;
				CLANG_WARN_EMPTY_BODY = YES;
				CLANG_WARN_ENUM_CONVERSION = YES;
				CLANG_WARN_INT_CONVERSION = YES;
				CLANG_WARN_OBJC_ROOT_CLASS = YES_ERROR;
				CLANG_WARN_UNREACHABLE_CODE = YES;
				CLANG_WARN__DUPLICATE_METHOD_MATCH = YES;
				"CODE_SIGN_IDENTITY[sdk=iphoneos*]" = "iPhone Developer";
				COPY_PHASE_STRIP = NO;
				DEBUG_INFORMATION_FORMAT = "dwarf-with-dsym";
				ENABLE_NS_ASSERTIONS = NO;
				ENABLE_STRICT_OBJC_MSGSEND = YES;
				GCC_C_LANGUAGE_STANDARD = gnu99;
				GCC_NO_COMMON_BLOCKS = YES;
				GCC_WARN_64_TO_32_BIT_CONVERSION = YES;
				GCC_WARN_ABOUT_RETURN_TYPE = YES_ERROR;
				GCC_WARN_UNDECLARED_SELECTOR = YES;
				GCC_WARN_UNINITIALIZED_AUTOS = YES_AGGRESSIVE;
				GCC_WARN_UNUSED_FUNCTION = YES;
				GCC_WARN_UNUSED_VARIABLE = YES;
				IPHONEOS_DEPLOYMENT_TARGET = 8.4;
				MTL_ENABLE_DEBUG_INFO = NO;
				SDKROOT = iphoneos;
				VALIDATE_PRODUCT = YES;
			};
			name = Release;
		};
		FFE2DF8E1B7C39E0009E4D10 /* Debug */ = {
			isa = XCBuildConfiguration;
			buildSettings = {
				ASSETCATALOG_COMPILER_APPICON_NAME = AppIcon;
				INFOPLIST_FILE = CustomCollectionViewLayoutDemo/Info.plist;
				LD_RUNPATH_SEARCH_PATHS = "$(inherited) @executable_path/Frameworks";
				PRODUCT_NAME = "$(TARGET_NAME)";
			};
			name = Debug;
		};
		FFE2DF8F1B7C39E0009E4D10 /* Release */ = {
			isa = XCBuildConfiguration;
			buildSettings = {
				ASSETCATALOG_COMPILER_APPICON_NAME = AppIcon;
				INFOPLIST_FILE = CustomCollectionViewLayoutDemo/Info.plist;
				LD_RUNPATH_SEARCH_PATHS = "$(inherited) @executable_path/Frameworks";
				PRODUCT_NAME = "$(TARGET_NAME)";
			};
			name = Release;
		};
		FFE2DF911B7C39E0009E4D10 /* Debug */ = {
			isa = XCBuildConfiguration;
			buildSettings = {
				BUNDLE_LOADER = "$(TEST_HOST)";
				FRAMEWORK_SEARCH_PATHS = (
					"$(SDKROOT)/Developer/Library/Frameworks",
					"$(inherited)",
				);
				GCC_PREPROCESSOR_DEFINITIONS = (
					"DEBUG=1",
					"$(inherited)",
				);
				INFOPLIST_FILE = CustomCollectionViewLayoutDemoTests/Info.plist;
				LD_RUNPATH_SEARCH_PATHS = "$(inherited) @executable_path/Frameworks @loader_path/Frameworks";
				PRODUCT_NAME = "$(TARGET_NAME)";
				TEST_HOST = "$(BUILT_PRODUCTS_DIR)/CustomCollectionViewLayoutDemo.app/CustomCollectionViewLayoutDemo";
			};
			name = Debug;
		};
		FFE2DF921B7C39E0009E4D10 /* Release */ = {
			isa = XCBuildConfiguration;
			buildSettings = {
				BUNDLE_LOADER = "$(TEST_HOST)";
				FRAMEWORK_SEARCH_PATHS = (
					"$(SDKROOT)/Developer/Library/Frameworks",
					"$(inherited)",
				);
				INFOPLIST_FILE = CustomCollectionViewLayoutDemoTests/Info.plist;
				LD_RUNPATH_SEARCH_PATHS = "$(inherited) @executable_path/Frameworks @loader_path/Frameworks";
				PRODUCT_NAME = "$(TARGET_NAME)";
				TEST_HOST = "$(BUILT_PRODUCTS_DIR)/CustomCollectionViewLayoutDemo.app/CustomCollectionViewLayoutDemo";
			};
			name = Release;
		};
/* End XCBuildConfiguration section */

/* Begin XCConfigurationList section */
		52786B641D659B3100B8CB9B /* Build configuration list for PBXNativeTarget "FloatFlexHeaderLayout" */ = {
			isa = XCConfigurationList;
			buildConfigurations = (
				52786B621D659B3100B8CB9B /* Debug */,
				52786B631D659B3100B8CB9B /* Release */,
			);
			defaultConfigurationIsVisible = 0;
		};
		FFE2DF651B7C39E0009E4D10 /* Build configuration list for PBXProject "CustomCollectionViewLayoutDemo" */ = {
			isa = XCConfigurationList;
			buildConfigurations = (
				FFE2DF8B1B7C39E0009E4D10 /* Debug */,
				FFE2DF8C1B7C39E0009E4D10 /* Release */,
			);
			defaultConfigurationIsVisible = 0;
			defaultConfigurationName = Release;
		};
		FFE2DF8D1B7C39E0009E4D10 /* Build configuration list for PBXNativeTarget "CustomCollectionViewLayoutDemo" */ = {
			isa = XCConfigurationList;
			buildConfigurations = (
				FFE2DF8E1B7C39E0009E4D10 /* Debug */,
				FFE2DF8F1B7C39E0009E4D10 /* Release */,
			);
			defaultConfigurationIsVisible = 0;
			defaultConfigurationName = Release;
		};
		FFE2DF901B7C39E0009E4D10 /* Build configuration list for PBXNativeTarget "CustomCollectionViewLayoutDemoTests" */ = {
			isa = XCConfigurationList;
			buildConfigurations = (
				FFE2DF911B7C39E0009E4D10 /* Debug */,
				FFE2DF921B7C39E0009E4D10 /* Release */,
			);
			defaultConfigurationIsVisible = 0;
			defaultConfigurationName = Release;
		};
/* End XCConfigurationList section */
	};
	rootObject = FFE2DF621B7C39E0009E4D10 /* Project object */;
}
